
Microsoft Visual Studio Solution File, Format Version 12.00
# Visual Studio Version 17
VisualStudioVersion = 17.8.34322.80
MinimumVisualStudioVersion = 10.0.40219.1
Project("{FAE04EC0-301F-11D3-BF4B-00C04F79EFBC}") = "assignment6", "assignment6\assignment6.csproj", "{285767AA-D5D6-404A-886E-C102231F6CF4}"
EndProject
Global
	GlobalSection(SolutionConfigurationPlatforms) = preSolution
		Debug|Any CPU = Debug|Any CPU
		Release|Any CPU = Release|Any CPU
	EndGlobalSection
	GlobalSection(ProjectConfigurationPlatforms) = postSolution
		{285767AA-D5D6-404A-886E-C102231F6CF4}.Debug|Any CPU.ActiveCfg = Debug|Any CPU
		{285767AA-D5D6-404A-886E-C102231F6CF4}.Debug|Any CPU.Build.0 = Debug|Any CPU
		{285767AA-D5D6-404A-886E-C102231F6CF4}.Release|Any CPU.ActiveCfg = Release|Any CPU
		{285767AA-D5D6-404A-886E-C102231F6CF4}.Release|Any CPU.Build.0 = Release|Any CPU
	EndGlobalSection
	GlobalSection(SolutionProperties) = preSolution
		HideSolutionNode = FALSE
	EndGlobalSection
	GlobalSection(ExtensibilityGlobals) = postSolution
		SolutionGuid = {72713FFE-048D-40C0-91B8-7AB8433DE9AC}
	EndGlobalSection
EndGlobal
